
Microsoft Visual Studio Solution File, Format Version 12.00
# Visual Studio Version 17
VisualStudioVersion = 17.0.31903.59
MinimumVisualStudioVersion = 10.0.40219.1
Project("{2150E333-8FDC-42A3-9474-1A3956D46DE8}") = "src", "src", "{827E0CD3-B72D-47B6-A68D-7590B98EB39B}"
EndProject
Project("{FAE04EC0-301F-11D3-BF4B-00C04F79EFBC}") = "DotNetPoC.Functions", "src\DotNetPoC.Functions\DotNetPoC.Functions.csproj", "{ABDD0FAE-22EC-43F7-B756-8069B6AD7447}"
EndProject
Project("{2150E333-8FDC-42A3-9474-1A3956D46DE8}") = "tests", "tests", "{0AB3BF05-4346-4AA6-1389-037BE0695223}"
EndProject
Project("{FAE04EC0-301F-11D3-BF4B-00C04F79EFBC}") = "DotNetPoc.Functions.UnitTests", "tests\DotNetPoc.Functions.UnitTests\DotNetPoc.Functions.UnitTests.csproj", "{681894B7-7216-4FB8-83C2-45B1D857645A}"
EndProject
Project("{FAE04EC0-301F-11D3-BF4B-00C04F79EFBC}") = "DotNetPoC.Functions.IntegrationTests", "tests\DotNetPoC.Functions.IntegrationTests\DotNetPoC.Functions.IntegrationTests.csproj", "{3A058326-F9E1-4BD1-9E25-AD184741B0E6}"
EndProject
Global
	GlobalSection(SolutionConfigurationPlatforms) = preSolution
		Debug|Any CPU = Debug|Any CPU
		Debug|x64 = Debug|x64
		Debug|x86 = Debug|x86
		Release|Any CPU = Release|Any CPU
		Release|x64 = Release|x64
		Release|x86 = Release|x86
	EndGlobalSection
	GlobalSection(ProjectConfigurationPlatforms) = postSolution
		{ABDD0FAE-22EC-43F7-B756-8069B6AD7447}.Debug|Any CPU.ActiveCfg = Debug|Any CPU
		{ABDD0FAE-22EC-43F7-B756-8069B6AD7447}.Debug|Any CPU.Build.0 = Debug|Any CPU
		{ABDD0FAE-22EC-43F7-B756-8069B6AD7447}.Debug|x64.ActiveCfg = Debug|Any CPU
		{ABDD0FAE-22EC-43F7-B756-8069B6AD7447}.Debug|x64.Build.0 = Debug|Any CPU
		{ABDD0FAE-22EC-43F7-B756-8069B6AD7447}.Debug|x86.ActiveCfg = Debug|Any CPU
		{ABDD0FAE-22EC-43F7-B756-8069B6AD7447}.Debug|x86.Build.0 = Debug|Any CPU
		{ABDD0FAE-22EC-43F7-B756-8069B6AD7447}.Release|Any CPU.ActiveCfg = Release|Any CPU
		{ABDD0FAE-22EC-43F7-B756-8069B6AD7447}.Release|Any CPU.Build.0 = Release|Any CPU
		{ABDD0FAE-22EC-43F7-B756-8069B6AD7447}.Release|x64.ActiveCfg = Release|Any CPU
		{ABDD0FAE-22EC-43F7-B756-8069B6AD7447}.Release|x64.Build.0 = Release|Any CPU
		{ABDD0FAE-22EC-43F7-B756-8069B6AD7447}.Release|x86.ActiveCfg = Release|Any CPU
		{ABDD0FAE-22EC-43F7-B756-8069B6AD7447}.Release|x86.Build.0 = Release|Any CPU
		{681894B7-7216-4FB8-83C2-45B1D857645A}.Debug|Any CPU.ActiveCfg = Debug|Any CPU
		{681894B7-7216-4FB8-83C2-45B1D857645A}.Debug|Any CPU.Build.0 = Debug|Any CPU
		{681894B7-7216-4FB8-83C2-45B1D857645A}.Debug|x64.ActiveCfg = Debug|Any CPU
		{681894B7-7216-4FB8-83C2-45B1D857645A}.Debug|x64.Build.0 = Debug|Any CPU
		{681894B7-7216-4FB8-83C2-45B1D857645A}.Debug|x86.ActiveCfg = Debug|Any CPU
		{681894B7-7216-4FB8-83C2-45B1D857645A}.Debug|x86.Build.0 = Debug|Any CPU
		{681894B7-7216-4FB8-83C2-45B1D857645A}.Release|Any CPU.ActiveCfg = Release|Any CPU
		{681894B7-7216-4FB8-83C2-45B1D857645A}.Release|Any CPU.Build.0 = Release|Any CPU
		{681894B7-7216-4FB8-83C2-45B1D857645A}.Release|x64.ActiveCfg = Release|Any CPU
		{681894B7-7216-4FB8-83C2-45B1D857645A}.Release|x64.Build.0 = Release|Any CPU
		{681894B7-7216-4FB8-83C2-45B1D857645A}.Release|x86.ActiveCfg = Release|Any CPU
		{681894B7-7216-4FB8-83C2-45B1D857645A}.Release|x86.Build.0 = Release|Any CPU
		{3A058326-F9E1-4BD1-9E25-AD184741B0E6}.Debug|Any CPU.ActiveCfg = Debug|Any CPU
		{3A058326-F9E1-4BD1-9E25-AD184741B0E6}.Debug|Any CPU.Build.0 = Debug|Any CPU
		{3A058326-F9E1-4BD1-9E25-AD184741B0E6}.Debug|x64.ActiveCfg = Debug|Any CPU
		{3A058326-F9E1-4BD1-9E25-AD184741B0E6}.Debug|x64.Build.0 = Debug|Any CPU
		{3A058326-F9E1-4BD1-9E25-AD184741B0E6}.Debug|x86.ActiveCfg = Debug|Any CPU
		{3A058326-F9E1-4BD1-9E25-AD184741B0E6}.Debug|x86.Build.0 = Debug|Any CPU
		{3A058326-F9E1-4BD1-9E25-AD184741B0E6}.Release|Any CPU.ActiveCfg = Release|Any CPU
		{3A058326-F9E1-4BD1-9E25-AD184741B0E6}.Release|Any CPU.Build.0 = Release|Any CPU
		{3A058326-F9E1-4BD1-9E25-AD184741B0E6}.Release|x64.ActiveCfg = Release|Any CPU
		{3A058326-F9E1-4BD1-9E25-AD184741B0E6}.Release|x64.Build.0 = Release|Any CPU
		{3A058326-F9E1-4BD1-9E25-AD184741B0E6}.Release|x86.ActiveCfg = Release|Any CPU
		{3A058326-F9E1-4BD1-9E25-AD184741B0E6}.Release|x86.Build.0 = Release|Any CPU
	EndGlobalSection
	GlobalSection(SolutionProperties) = preSolution
		HideSolutionNode = FALSE
	EndGlobalSection
	GlobalSection(NestedProjects) = preSolution
		{ABDD0FAE-22EC-43F7-B756-8069B6AD7447} = {827E0CD3-B72D-47B6-A68D-7590B98EB39B}
		{681894B7-7216-4FB8-83C2-45B1D857645A} = {0AB3BF05-4346-4AA6-1389-037BE0695223}
		{3A058326-F9E1-4BD1-9E25-AD184741B0E6} = {0AB3BF05-4346-4AA6-1389-037BE0695223}
	EndGlobalSection
EndGlobal
